
Microsoft Visual Studio Solution File, Format Version 12.00
# Visual Studio 2012
Project("{FAE04EC0-301F-11D3-BF4B-00C04F79EFBC}") = "businesstools", "businesstools\businesstools.csproj", "{AB3BC365-BAB1-4F5B-809B-FB930A4526ED}"
EndProject
Global
	GlobalSection(SolutionConfigurationPlatforms) = preSolution
		Debug|Any CPU = Debug|Any CPU
		Release|Any CPU = Release|Any CPU
	EndGlobalSection
	GlobalSection(ProjectConfigurationPlatforms) = postSolution
		{AB3BC365-BAB1-4F5B-809B-FB930A4526ED}.Debug|Any CPU.ActiveCfg = Debug|Any CPU
		{AB3BC365-BAB1-4F5B-809B-FB930A4526ED}.Debug|Any CPU.Build.0 = Debug|Any CPU
		{AB3BC365-BAB1-4F5B-809B-FB930A4526ED}.Release|Any CPU.ActiveCfg = Release|Any CPU
		{AB3BC365-BAB1-4F5B-809B-FB930A4526ED}.Release|Any CPU.Build.0 = Release|Any CPU
	EndGlobalSection
EndGlobal
